PODS:
  - Flutter (1.0.0)
  - flutter_sodium (0.0.1):
    - Flutter

DEPENDENCIES:
  - Flutter (from `Pods/.symlinks/flutter/ios`)
  - flutter_sodium (from `Pods/.symlinks/plugins/flutter_sodium/ios`)

EXTERNAL SOURCES:
  Flutter:
    :path: Pods/.symlinks/flutter/ios
  flutter_sodium:
    :path: Pods/.symlinks/plugins/flutter_sodium/ios

SPEC CHECKSUMS:
  Flutter: 9d0fac939486c9aba2809b7982dfdbb47a7b0296
  flutter_sodium: 469272ea82ca2eaae5614eafd619c04ccedb1d6b

PODFILE CHECKSUM: b475a6d1abc0d39b6a870770e6ca2baf611c9919

COCOAPODS: 1.4.0
